# THIS IS AN AUTOGENERATED FILE. DO NOT EDIT THIS FILE DIRECTLY.
# yarn lockfile v1


typescript@^4.2.0-dev.20201204:
  version "4.2.0-dev.20201204"
  resolved "https://registry.yarnpkg.com/typescript/-/typescript-4.2.0-dev.20201204.tgz#f80d7257561f2a6e5fb06c519755d8dc9c865815"
  integrity sha512-9aa/ZFeO44zzM0PNBkW7rELmmXeXM5HoRUWkmVu8FywK8NF/n08FGaJ1Dkz9kL0aUlruHRghFrxVDMT/GX8H4w==
